
Microsoft Visual Studio Solution File, Format Version 12.00
# Visual Studio Version 16
VisualStudioVersion = 16.0.29806.167
MinimumVisualStudioVersion = 10.0.40219.1
Project("{FAE04EC0-301F-11D3-BF4B-00C04F79EFBC}") = "VP_LabSessional1", "VP_LabSessional1\VP_LabSessional1.csproj", "{002F5841-0A27-4DBE-9728-F01A7EAD0B9F}"
EndProject
Global
	GlobalSection(SolutionConfigurationPlatforms) = preSolution
		Debug|Any CPU = Debug|Any CPU
		Release|Any CPU = Release|Any CPU
	EndGlobalSection
	GlobalSection(ProjectConfigurationPlatforms) = postSolution
		{002F5841-0A27-4DBE-9728-F01A7EAD0B9F}.Debug|Any CPU.ActiveCfg = Debug|Any CPU
		{002F5841-0A27-4DBE-9728-F01A7EAD0B9F}.Debug|Any CPU.Build.0 = Debug|Any CPU
		{002F5841-0A27-4DBE-9728-F01A7EAD0B9F}.Release|Any CPU.ActiveCfg = Release|Any CPU
		{002F5841-0A27-4DBE-9728-F01A7EAD0B9F}.Release|Any CPU.Build.0 = Release|Any CPU
	EndGlobalSection
	GlobalSection(SolutionProperties) = preSolution
		HideSolutionNode = FALSE
	EndGlobalSection
	GlobalSection(ExtensibilityGlobals) = postSolution
		SolutionGuid = {C2DB91DA-53C8-4CCE-B118-9B8609F4881F}
	EndGlobalSection
EndGlobal
